
Microsoft Visual Studio Solution File, Format Version 12.00
# Visual Studio Version 17
VisualStudioVersion = 17.2.32408.312
MinimumVisualStudioVersion = 10.0.40219.1
Project("{9A19103F-16F7-4668-BE54-9A1E7A4F7556}") = "PerfLab.FpsStats", "PerfLab.FpsStats\PerfLab.FpsStats.csproj", "{477069D7-4C66-43F1-8BCB-F9D92366321C}"
EndProject
Project("{9A19103F-16F7-4668-BE54-9A1E7A4F7556}") = "PerfLab.FpsStats.App", "PerfLab.FpsStats.App\PerfLab.FpsStats.App.csproj", "{65E3091B-F491-40C8-B12A-3384D9EFB578}"
EndProject
Global
	GlobalSection(SolutionConfigurationPlatforms) = preSolution
		Debug|Any CPU = Debug|Any CPU
		Release|Any CPU = Release|Any CPU
	EndGlobalSection
	GlobalSection(ProjectConfigurationPlatforms) = postSolution
		{477069D7-4C66-43F1-8BCB-F9D92366321C}.Debug|Any CPU.ActiveCfg = Debug|Any CPU
		{477069D7-4C66-43F1-8BCB-F9D92366321C}.Debug|Any CPU.Build.0 = Debug|Any CPU
		{477069D7-4C66-43F1-8BCB-F9D92366321C}.Release|Any CPU.ActiveCfg = Release|Any CPU
		{477069D7-4C66-43F1-8BCB-F9D92366321C}.Release|Any CPU.Build.0 = Release|Any CPU
		{65E3091B-F491-40C8-B12A-3384D9EFB578}.Debug|Any CPU.ActiveCfg = Debug|Any CPU
		{65E3091B-F491-40C8-B12A-3384D9EFB578}.Debug|Any CPU.Build.0 = Debug|Any CPU
		{65E3091B-F491-40C8-B12A-3384D9EFB578}.Debug|Any CPU.Deploy.0 = Debug|Any CPU
		{65E3091B-F491-40C8-B12A-3384D9EFB578}.Release|Any CPU.ActiveCfg = Release|Any CPU
		{65E3091B-F491-40C8-B12A-3384D9EFB578}.Release|Any CPU.Build.0 = Release|Any CPU
		{65E3091B-F491-40C8-B12A-3384D9EFB578}.Release|Any CPU.Deploy.0 = Release|Any CPU
	EndGlobalSection
	GlobalSection(SolutionProperties) = preSolution
		HideSolutionNode = FALSE
	EndGlobalSection
	GlobalSection(ExtensibilityGlobals) = postSolution
		SolutionGuid = {0752A752-F0BC-4EA4-8580-DA6F6ACA6D30}
	EndGlobalSection
EndGlobal
